// !$*UTF8*$!
{
	archiveVersion = 1;
	classes = {
	};
	objectVersion = 55;
	objects = {

/* Begin PBXBuildFile section */
		653442C827C5F0C900EFCAE6 /* CPSC_411_ProjectApp.swift in Sources */ = {isa = PBXBuildFile; fileRef = 653442C727C5F0C900EFCAE6 /* CPSC_411_ProjectApp.swift */; };
		653442CA27C5F0C900EFCAE6 /* ContentView.swift in Sources */ = {isa = PBXBuildFile; fileRef = 653442C927C5F0C900EFCAE6 /* ContentView.swift */; };
		653442CC27C5F0CB00EFCAE6 /* Assets.xcassets in Resources */ = {isa = PBXBuildFile; fileRef = 653442CB27C5F0CB00EFCAE6 /* Assets.xcassets */; };
		653442CF27C5F0CB00EFCAE6 /* Preview Assets.xcassets in Resources */ = {isa = PBXBuildFile; fileRef = 653442CE27C5F0CB00EFCAE6 /* Preview Assets.xcassets */; };
		653442D927C5F0CB00EFCAE6 /* CPSC_411_ProjectTests.swift in Sources */ = {isa = PBXBuildFile; fileRef = 653442D827C5F0CB00EFCAE6 /* CPSC_411_ProjectTests.swift */; };
		653442E327C5F0CB00EFCAE6 /* CPSC_411_ProjectUITests.swift in Sources */ = {isa = PBXBuildFile; fileRef = 653442E227C5F0CB00EFCAE6 /* CPSC_411_ProjectUITests.swift */; };
		653442E527C5F0CB00EFCAE6 /* CPSC_411_ProjectUITestsLaunchTests.swift in Sources */ = {isa = PBXBuildFile; fileRef = 653442E427C5F0CB00EFCAE6 /* CPSC_411_ProjectUITestsLaunchTests.swift */; };
		653442F227C5F13800EFCAE6 /* .gitignore in Resources */ = {isa = PBXBuildFile; fileRef = 653442F127C5F13800EFCAE6 /* .gitignore */; };
		7A37378427C8831400646279 /* looping.swift in Sources */ = {isa = PBXBuildFile; fileRef = 7A37378327C8831400646279 /* looping.swift */; };
/* End PBXBuildFile section */

/* Begin PBXContainerItemProxy section */
		653442D527C5F0CB00EFCAE6 /* PBXContainerItemProxy */ = {
			isa = PBXContainerItemProxy;
			containerPortal = 653442BC27C5F0C900EFCAE6 /* Project object */;
			proxyType = 1;
			remoteGlobalIDString = 653442C327C5F0C900EFCAE6;
			remoteInfo = "CPSC-411 Project";
		};
		653442DF27C5F0CB00EFCAE6 /* PBXContainerItemProxy */ = {
			isa = PBXContainerItemProxy;
			containerPortal = 653442BC27C5F0C900EFCAE6 /* Project object */;
			proxyType = 1;
			remoteGlobalIDString = 653442C327C5F0C900EFCAE6;
			remoteInfo = "CPSC-411 Project";
		};
/* End PBXContainerItemProxy section */

/* Begin PBXFileReference section */
		653442C427C5F0C900EFCAE6 /* CPSC-411 Project.app */ = {isa = PBXFileReference; explicitFileType = wrapper.application; includeInIndex = 0; path = "CPSC-411 Project.app"; sourceTree = BUILT_PRODUCTS_DIR; };
		653442C727C5F0C900EFCAE6 /* CPSC_411_ProjectApp.swift */ = {isa = PBXFileReference; lastKnownFileType = sourcecode.swift; path = CPSC_411_ProjectApp.swift; sourceTree = "<group>"; };
		653442C927C5F0C900EFCAE6 /* ContentView.swift */ = {isa = PBXFileReference; lastKnownFileType = sourcecode.swift; path = ContentView.swift; sourceTree = "<group>"; };
		653442CB27C5F0CB00EFCAE6 /* Assets.xcassets */ = {isa = PBXFileReference; lastKnownFileType = folder.assetcatalog; path = Assets.xcassets; sourceTree = "<group>"; };
		653442CE27C5F0CB00EFCAE6 /* Preview Assets.xcassets */ = {isa = PBXFileReference; lastKnownFileType = folder.assetcatalog; path = "Preview Assets.xcassets"; sourceTree = "<group>"; };
		653442D427C5F0CB00EFCAE6 /* CPSC-411 ProjectTests.xctest */ = {isa = PBXFileReference; explicitFileType = wrapper.cfbundle; includeInIndex = 0; path = "CPSC-411 ProjectTests.xctest"; sourceTree = BUILT_PRODUCTS_DIR; };
		653442D827C5F0CB00EFCAE6 /* CPSC_411_ProjectTests.swift */ = {isa = PBXFileReference; lastKnownFileType = sourcecode.swift; path = CPSC_411_ProjectTests.swift; sourceTree = "<group>"; };
		653442DE27C5F0CB00EFCAE6 /* CPSC-411 ProjectUITests.xctest */ = {isa = PBXFileReference; explicitFileType = wrapper.cfbundle; includeInIndex = 0; path = "CPSC-411 ProjectUITests.xctest"; sourceTree = BUILT_PRODUCTS_DIR; };
		653442E227C5F0CB00EFCAE6 /* CPSC_411_ProjectUITests.swift */ = {isa = PBXFileReference; lastKnownFileType = sourcecode.swift; path = CPSC_411_ProjectUITests.swift; sourceTree = "<group>"; };
		653442E427C5F0CB00EFCAE6 /* CPSC_411_ProjectUITestsLaunchTests.swift */ = {isa = PBXFileReference; lastKnownFileType = sourcecode.swift; path = CPSC_411_ProjectUITestsLaunchTests.swift; sourceTree = "<group>"; };
		653442F127C5F13800EFCAE6 /* .gitignore */ = {isa = PBXFileReference; lastKnownFileType = text; path = .gitignore; sourceTree = "<group>"; };
		7A37378327C8831400646279 /* looping.swift */ = {isa = PBXFileReference; lastKnownFileType = sourcecode.swift; path = looping.swift; sourceTree = "<group>"; };
/* End PBXFileReference section */

/* Begin PBXFrameworksBuildPhase section */
		653442C127C5F0C900EFCAE6 /* Frameworks */ = {
			isa = PBXFrameworksBuildPhase;
			buildActionMask = 2147483647;
			files = (
			);
			runOnlyForDeploymentPostprocessing = 0;
		};
		653442D127C5F0CB00EFCAE6 /* Frameworks */ = {
			isa = PBXFrameworksBuildPhase;
			buildActionMask = 2147483647;
			files = (
			);
			runOnlyForDeploymentPostprocessing = 0;
		};
		653442DB27C5F0CB00EFCAE6 /* Frameworks */ = {
			isa = PBXFrameworksBuildPhase;
			buildActionMask = 2147483647;
			files = (
			);
			runOnlyForDeploymentPostprocessing = 0;
		};
/* End PBXFrameworksBuildPhase section */

/* Begin PBXGroup section */
		653442BB27C5F0C900EFCAE6 = {
			isa = PBXGroup;
			children = (
				653442C627C5F0C900EFCAE6 /* CPSC-411 Project */,
				653442D727C5F0CB00EFCAE6 /* CPSC-411 ProjectTests */,
				653442E127C5F0CB00EFCAE6 /* CPSC-411 ProjectUITests */,
				653442C527C5F0C900EFCAE6 /* Products */,
			);
			sourceTree = "<group>";
		};
		653442C527C5F0C900EFCAE6 /* Products */ = {
			isa = PBXGroup;
			children = (
				653442C427C5F0C900EFCAE6 /* CPSC-411 Project.app */,
				653442D427C5F0CB00EFCAE6 /* CPSC-411 ProjectTests.xctest */,
				653442DE27C5F0CB00EFCAE6 /* CPSC-411 ProjectUITests.xctest */,
			);
			name = Products;
			sourceTree = "<group>";
		};
		653442C627C5F0C900EFCAE6 /* CPSC-411 Project */ = {
			isa = PBXGroup;
			children = (
				653442C727C5F0C900EFCAE6 /* CPSC_411_ProjectApp.swift */,
				653442C927C5F0C900EFCAE6 /* ContentView.swift */,
				653442CB27C5F0CB00EFCAE6 /* Assets.xcassets */,
				653442CD27C5F0CB00EFCAE6 /* Preview Content */,
				653442F127C5F13800EFCAE6 /* .gitignore */,
				7A37378327C8831400646279 /* looping.swift */,
			);
			path = "CPSC-411 Project";
			sourceTree = "<group>";
		};
		653442CD27C5F0CB00EFCAE6 /* Preview Content */ = {
			isa = PBXGroup;
			children = (
				653442CE27C5F0CB00EFCAE6 /* Preview Assets.xcassets */,
			);
			path = "Preview Content";
			sourceTree = "<group>";
		};
		653442D727C5F0CB00EFCAE6 /* CPSC-411 ProjectTests */ = {
			isa = PBXGroup;
			children = (
				653442D827C5F0CB00EFCAE6 /* CPSC_411_ProjectTests.swift */,
			);
			path = "CPSC-411 ProjectTests";
			sourceTree = "<group>";
		};
		653442E127C5F0CB00EFCAE6 /* CPSC-411 ProjectUITests */ = {
			isa = PBXGroup;
			children = (
				653442E227C5F0CB00EFCAE6 /* CPSC_411_ProjectUITests.swift */,
				653442E427C5F0CB00EFCAE6 /* CPSC_411_ProjectUITestsLaunchTests.swift */,
			);
			path = "CPSC-411 ProjectUITests";
			sourceTree = "<group>";
		};
/* End PBXGroup section */

/* Begin PBXNativeTarget section */
		653442C327C5F0C900EFCAE6 /* CPSC-411 Project */ = {
			isa = PBXNativeTarget;
			buildConfigurationList = 653442E827C5F0CB00EFCAE6 /* Build configuration list for PBXNativeTarget "CPSC-411 Project" */;
			buildPhases = (
				653442C027C5F0C900EFCAE6 /* Sources */,
				653442C127C5F0C900EFCAE6 /* Frameworks */,
				653442C227C5F0C900EFCAE6 /* Resources */,
			);
			buildRules = (
			);
			dependencies = (
			);
			name = "CPSC-411 Project";
			productName = "CPSC-411 Project";
			productReference = 653442C427C5F0C900EFCAE6 /* CPSC-411 Project.app */;
			productType = "com.apple.product-type.application";
		};
		653442D327C5F0CB00EFCAE6 /* CPSC-411 ProjectTests */ = {
			isa = PBXNativeTarget;
			buildConfigurationList = 653442EB27C5F0CB00EFCAE6 /* Build configuration list for PBXNativeTarget "CPSC-411 ProjectTests" */;
			buildPhases = (
				653442D027C5F0CB00EFCAE6 /* Sources */,
				653442D127C5F0CB00EFCAE6 /* Frameworks */,
				653442D227C5F0CB00EFCAE6 /* Resources */,
			);
			buildRules = (
			);
			dependencies = (
				653442D627C5F0CB00EFCAE6 /* PBXTargetDependency */,
			);
			name = "CPSC-411 ProjectTests";
			productName = "CPSC-411 ProjectTests";
			productReference = 653442D427C5F0CB00EFCAE6 /* CPSC-411 ProjectTests.xctest */;
			productType = "com.apple.product-type.bundle.unit-test";
		};
		653442DD27C5F0CB00EFCAE6 /* CPSC-411 ProjectUITests */ = {
			isa = PBXNativeTarget;
			buildConfigurationList = 653442EE27C5F0CB00EFCAE6 /* Build configuration list for PBXNativeTarget "CPSC-411 ProjectUITests" */;
			buildPhases = (
				653442DA27C5F0CB00EFCAE6 /* Sources */,
				653442DB27C5F0CB00EFCAE6 /* Frameworks */,
				653442DC27C5F0CB00EFCAE6 /* Resources */,
			);
			buildRules = (
			);
			dependencies = (
				653442E027C5F0CB00EFCAE6 /* PBXTargetDependency */,
			);
			name = "CPSC-411 ProjectUITests";
			productName = "CPSC-411 ProjectUITests";
			productReference = 653442DE27C5F0CB00EFCAE6 /* CPSC-411 ProjectUITests.xctest */;
			productType = "com.apple.product-type.bundle.ui-testing";
		};
/* End PBXNativeTarget section */

/* Begin PBXProject section */
		653442BC27C5F0C900EFCAE6 /* Project object */ = {
			isa = PBXProject;
			attributes = {
				BuildIndependentTargetsInParallel = 1;
				LastSwiftUpdateCheck = 1320;
				LastUpgradeCheck = 1320;
				TargetAttributes = {
					653442C327C5F0C900EFCAE6 = {
						CreatedOnToolsVersion = 13.2.1;
					};
					653442D327C5F0CB00EFCAE6 = {
						CreatedOnToolsVersion = 13.2.1;
						TestTargetID = 653442C327C5F0C900EFCAE6;
					};
					653442DD27C5F0CB00EFCAE6 = {
						CreatedOnToolsVersion = 13.2.1;
						TestTargetID = 653442C327C5F0C900EFCAE6;
					};
				};
			};
			buildConfigurationList = 653442BF27C5F0C900EFCAE6 /* Build configuration list for PBXProject "CPSC-411 Project" */;
			compatibilityVersion = "Xcode 13.0";
			developmentRegion = en;
			hasScannedForEncodings = 0;
			knownRegions = (
				en,
				Base,
			);
			mainGroup = 653442BB27C5F0C900EFCAE6;
			productRefGroup = 653442C527C5F0C900EFCAE6 /* Products */;
			projectDirPath = "";
			projectRoot = "";
			targets = (
				653442C327C5F0C900EFCAE6 /* CPSC-411 Project */,
				653442D327C5F0CB00EFCAE6 /* CPSC-411 ProjectTests */,
				653442DD27C5F0CB00EFCAE6 /* CPSC-411 ProjectUITests */,
			);
		};
/* End PBXProject section */

/* Begin PBXResourcesBuildPhase section */
		653442C227C5F0C900EFCAE6 /* Resources */ = {
			isa = PBXResourcesBuildPhase;
			buildActionMask = 2147483647;
			files = (
				653442CF27C5F0CB00EFCAE6 /* Preview Assets.xcassets in Resources */,
				653442F227C5F13800EFCAE6 /* .gitignore in Resources */,
				653442CC27C5F0CB00EFCAE6 /* Assets.xcassets in Resources */,
			);
			runOnlyForDeploymentPostprocessing = 0;
		};
		653442D227C5F0CB00EFCAE6 /* Resources */ = {
			isa = PBXResourcesBuildPhase;
			buildActionMask = 2147483647;
			files = (
			);
			runOnlyForDeploymentPostprocessing = 0;
		};
		653442DC27C5F0CB00EFCAE6 /* Resources */ = {
			isa = PBXResourcesBuildPhase;
			buildActionMask = 2147483647;
			files = (
			);
			runOnlyForDeploymentPostprocessing = 0;
		};
/* End PBXResourcesBuildPhase section */

/* Begin PBXSourcesBuildPhase section */
		653442C027C5F0C900EFCAE6 /* Sources */ = {
			isa = PBXSourcesBuildPhase;
			buildActionMask = 2147483647;
			files = (
				653442CA27C5F0C900EFCAE6 /* ContentView.swift in Sources */,
				653442C827C5F0C900EFCAE6 /* CPSC_411_ProjectApp.swift in Sources */,
				7A37378427C8831400646279 /* looping.swift in Sources */,
			);
			runOnlyForDeploymentPostprocessing = 0;
		};
		653442D027C5F0CB00EFCAE6 /* Sources */ = {
			isa = PBXSourcesBuildPhase;
			buildActionMask = 2147483647;
			files = (
				653442D927C5F0CB00EFCAE6 /* CPSC_411_ProjectTests.swift in Sources */,
			);
			runOnlyForDeploymentPostprocessing = 0;
		};
		653442DA27C5F0CB00EFCAE6 /* Sources */ = {
			isa = PBXSourcesBuildPhase;
			buildActionMask = 2147483647;
			files = (
				653442E527C5F0CB00EFCAE6 /* CPSC_411_ProjectUITestsLaunchTests.swift in Sources */,
				653442E327C5F0CB00EFCAE6 /* CPSC_411_ProjectUITests.swift in Sources */,
			);
			runOnlyForDeploymentPostprocessing = 0;
		};
/* End PBXSourcesBuildPhase section */

/* Begin PBXTargetDependency section */
		653442D627C5F0CB00EFCAE6 /* PBXTargetDependency */ = {
			isa = PBXTargetDependency;
			target = 653442C327C5F0C900EFCAE6 /* CPSC-411 Project */;
			targetProxy = 653442D527C5F0CB00EFCAE6 /* PBXContainerItemProxy */;
		};
		653442E027C5F0CB00EFCAE6 /* PBXTargetDependency */ = {
			isa = PBXTargetDependency;
			target = 653442C327C5F0C900EFCAE6 /* CPSC-411 Project */;
			targetProxy = 653442DF27C5F0CB00EFCAE6 /* PBXContainerItemProxy */;
		};
/* End PBXTargetDependency section */

/* Begin XCBuildConfiguration section */
		653442E627C5F0CB00EFCAE6 /* Debug */ = {
			isa = XCBuildConfiguration;
			buildSettings = {
				ALWAYS_SEARCH_USER_PATHS = NO;
				CLANG_ANALYZER_NONNULL = YES;
				CLANG_ANALYZER_NUMBER_OBJECT_CONVERSION = YES_AGGRESSIVE;
				CLANG_CXX_LANGUAGE_STANDARD = "gnu++17";
				CLANG_CXX_LIBRARY = "libc++";
				CLANG_ENABLE_MODULES = YES;
				CLANG_ENABLE_OBJC_ARC = YES;
				CLANG_ENABLE_OBJC_WEAK = YES;
				CLANG_WARN_BLOCK_CAPTURE_AUTORELEASING = YES;
				CLANG_WARN_BOOL_CONVERSION = YES;
				CLANG_WARN_COMMA = YES;
				CLANG_WARN_CONSTANT_CONVERSION = YES;
				CLANG_WARN_DEPRECATED_OBJC_IMPLEMENTATIONS = YES;
				CLANG_WARN_DIRECT_OBJC_ISA_USAGE = YES_ERROR;
				CLANG_WARN_DOCUMENTATION_COMMENTS = YES;
				CLANG_WARN_EMPTY_BODY = YES;
				CLANG_WARN_ENUM_CONVERSION = YES;
				CLANG_WARN_INFINITE_RECURSION = YES;
				CLANG_WARN_INT_CONVERSION = YES;
				CLANG_WARN_NON_LITERAL_NULL_CONVERSION = YES;
				CLANG_WARN_OBJC_IMPLICIT_RETAIN_SELF = YES;
				CLANG_WARN_OBJC_LITERAL_CONVERSION = YES;
				CLANG_WARN_OBJC_ROOT_CLASS = YES_ERROR;
				CLANG_WARN_QUOTED_INCLUDE_IN_FRAMEWORK_HEADER = YES;
				CLANG_WARN_RANGE_LOOP_ANALYSIS = YES;
				CLANG_WARN_STRICT_PROTOTYPES = YES;
				CLANG_WARN_SUSPICIOUS_MOVE = YES;
				CLANG_WARN_UNGUARDED_AVAILABILITY = YES_AGGRESSIVE;
				CLANG_WARN_UNREACHABLE_CODE = YES;
				CLANG_WARN__DUPLICATE_METHOD_MATCH = YES;
				COPY_PHASE_STRIP = NO;
				DEBUG_INFORMATION_FORMAT = dwarf;
				ENABLE_STRICT_OBJC_MSGSEND = YES;
				ENABLE_TESTABILITY = YES;
				GCC_C_LANGUAGE_STANDARD = gnu11;
				GCC_DYNAMIC_NO_PIC = NO;
				GCC_NO_COMMON_BLOCKS = YES;
				GCC_OPTIMIZATION_LEVEL = 0;
				GCC_PREPROCESSOR_DEFINITIONS = (
					"DEBUG=1",
					"$(inherited)",
				);
				GCC_WARN_64_TO_32_BIT_CONVERSION = YES;
				GCC_WARN_ABOUT_RETURN_TYPE = YES_ERROR;
				GCC_WARN_UNDECLARED_SELECTOR = YES;
				GCC_WARN_UNINITIALIZED_AUTOS = YES_AGGRESSIVE;
				GCC_WARN_UNUSED_FUNCTION = YES;
				GCC_WARN_UNUSED_VARIABLE = YES;
				IPHONEOS_DEPLOYMENT_TARGET = 15.2;
				MTL_ENABLE_DEBUG_INFO = INCLUDE_SOURCE;
				MTL_FAST_MATH = YES;
				ONLY_ACTIVE_ARCH = YES;
				SDKROOT = iphoneos;
				SWIFT_ACTIVE_COMPILATION_CONDITIONS = DEBUG;
				SWIFT_OPTIMIZATION_LEVEL = "-Onone";
			};
			name = Debug;
		};
		653442E727C5F0CB00EFCAE6 /* Release */ = {
			isa = XCBuildConfiguration;
			buildSettings = {
				ALWAYS_SEARCH_USER_PATHS = NO;
				CLANG_ANALYZER_NONNULL = YES;
				CLANG_ANALYZER_NUMBER_OBJECT_CONVERSION = YES_AGGRESSIVE;
				CLANG_CXX_LANGUAGE_STANDARD = "gnu++17";
				CLANG_CXX_LIBRARY = "libc++";
				CLANG_ENABLE_MODULES = YES;
				CLANG_ENABLE_OBJC_ARC = YES;
				CLANG_ENABLE_OBJC_WEAK = YES;
				CLANG_WARN_BLOCK_CAPTURE_AUTORELEASING = YES;
				CLANG_WARN_BOOL_CONVERSION = YES;
				CLANG_WARN_COMMA = YES;
				CLANG_WARN_CONSTANT_CONVERSION = YES;
				CLANG_WARN_DEPRECATED_OBJC_IMPLEMENTATIONS = YES;
				CLANG_WARN_DIRECT_OBJC_ISA_USAGE = YES_ERROR;
				CLANG_WARN_DOCUMENTATION_COMMENTS = YES;
				CLANG_WARN_EMPTY_BODY = YES;
				CLANG_WARN_ENUM_CONVERSION = YES;
				CLANG_WARN_INFINITE_RECURSION = YES;
				CLANG_WARN_INT_CONVERSION = YES;
				CLANG_WARN_NON_LITERAL_NULL_CONVERSION = YES;
				CLANG_WARN_OBJC_IMPLICIT_RETAIN_SELF = YES;
				CLANG_WARN_OBJC_LITERAL_CONVERSION = YES;
				CLANG_WARN_OBJC_ROOT_CLASS = YES_ERROR;
				CLANG_WARN_QUOTED_INCLUDE_IN_FRAMEWORK_HEADER = YES;
				CLANG_WARN_RANGE_LOOP_ANALYSIS = YES;
				CLANG_WARN_STRICT_PROTOTYPES = YES;
				CLANG_WARN_SUSPICIOUS_MOVE = YES;
				CLANG_WARN_UNGUARDED_AVAILABILITY = YES_AGGRESSIVE;
				CLANG_WARN_UNREACHABLE_CODE = YES;
				CLANG_WARN__DUPLICATE_METHOD_MATCH = YES;
				COPY_PHASE_STRIP = NO;
				DEBUG_INFORMATION_FORMAT = "dwarf-with-dsym";
				ENABLE_NS_ASSERTIONS = NO;
				ENABLE_STRICT_OBJC_MSGSEND = YES;
				GCC_C_LANGUAGE_STANDARD = gnu11;
				GCC_NO_COMMON_BLOCKS = YES;
				GCC_WARN_64_TO_32_BIT_CONVERSION = YES;
				GCC_WARN_ABOUT_RETURN_TYPE = YES_ERROR;
				GCC_WARN_UNDECLARED_SELECTOR = YES;
				GCC_WARN_UNINITIALIZED_AUTOS = YES_AGGRESSIVE;
				GCC_WARN_UNUSED_FUNCTION = YES;
				GCC_WARN_UNUSED_VARIABLE = YES;
				IPHONEOS_DEPLOYMENT_TARGET = 15.2;
				MTL_ENABLE_DEBUG_INFO = NO;
				MTL_FAST_MATH = YES;
				SDKROOT = iphoneos;
				SWIFT_COMPILATION_MODE = wholemodule;
				SWIFT_OPTIMIZATION_LEVEL = "-O";
				VALIDATE_PRODUCT = YES;
			};
			name = Release;
		};
		653442E927C5F0CB00EFCAE6 /* Debug */ = {
			isa = XCBuildConfiguration;
			buildSettings = {
				ASSETCATALOG_COMPILER_APPICON_NAME = AppIcon;
				ASSETCATALOG_COMPILER_GLOBAL_ACCENT_COLOR_NAME = AccentColor;
				CODE_SIGN_STYLE = Automatic;
				CURRENT_PROJECT_VERSION = 1;
				DEVELOPMENT_ASSET_PATHS = "\"CPSC-411 Project/Preview Content\"";
				DEVELOPMENT_TEAM = QCS79BSX85;
				ENABLE_PREVIEWS = YES;
				GENERATE_INFOPLIST_FILE = YES;
				INFOPLIST_KEY_UIApplicationSceneManifest_Generation = YES;
				INFOPLIST_KEY_UIApplicationSupportsIndirectInputEvents = YES;
				INFOPLIST_KEY_UILaunchScreen_Generation = YES;
				INFOPLIST_KEY_UISupportedInterfaceOrientations_iPad = "UIInterfaceOrientationPortrait UIInterfaceOrientationPortraitUpsideDown UIInterfaceOrientationLandscapeLeft UIInterfaceOrientationLandscapeRight";
				INFOPLIST_KEY_UISupportedInterfaceOrientations_iPhone = "UIInterfaceOrientationPortrait UIInterfaceOrientationLandscapeLeft UIInterfaceOrientationLandscapeRight";
				LD_RUNPATH_SEARCH_PATHS = (
					"$(inherited)",
					"@executable_path/Frameworks",
				);
				MARKETING_VERSION = 1.0;
				PRODUCT_BUNDLE_IDENTIFIER = "main.cpp.CPSC-411-Project";
				PRODUCT_NAME = "$(TARGET_NAME)";
				SWIFT_EMIT_LOC_STRINGS = YES;
				SWIFT_VERSION = 5.0;
				TARGETED_DEVICE_FAMILY = "1,2";
			};
			name = Debug;
		};
		653442EA27C5F0CB00EFCAE6 /* Release */ = {
			isa = XCBuildConfiguration;
			buildSettings = {
				ASSETCATALOG_COMPILER_APPICON_NAME = AppIcon;
				ASSETCATALOG_COMPILER_GLOBAL_ACCENT_COLOR_NAME = AccentColor;
				CODE_SIGN_STYLE = Automatic;
				CURRENT_PROJECT_VERSION = 1;
				DEVELOPMENT_ASSET_PATHS = "\"CPSC-411 Project/Preview Content\"";
				DEVELOPMENT_TEAM = QCS79BSX85;
				ENABLE_PREVIEWS = YES;
				GENERATE_INFOPLIST_FILE = YES;
				INFOPLIST_KEY_UIApplicationSceneManifest_Generation = YES;
				INFOPLIST_KEY_UIApplicationSupportsIndirectInputEvents = YES;
				INFOPLIST_KEY_UILaunchScreen_Generation = YES;
				INFOPLIST_KEY_UISupportedInterfaceOrientations_iPad = "UIInterfaceOrientationPortrait UIInterfaceOrientationPortraitUpsideDown UIInterfaceOrientationLandscapeLeft UIInterfaceOrientationLandscapeRight";
				INFOPLIST_KEY_UISupportedInterfaceOrientations_iPhone = "UIInterfaceOrientationPortrait UIInterfaceOrientationLandscapeLeft UIInterfaceOrientationLandscapeRight";
				LD_RUNPATH_SEARCH_PATHS = (
					"$(inherited)",
					"@executable_path/Frameworks",
				);
				MARKETING_VERSION = 1.0;
				PRODUCT_BUNDLE_IDENTIFIER = "main.cpp.CPSC-411-Project";
				PRODUCT_NAME = "$(TARGET_NAME)";
				SWIFT_EMIT_LOC_STRINGS = YES;
				SWIFT_VERSION = 5.0;
				TARGETED_DEVICE_FAMILY = "1,2";
			};
			name = Release;
		};
		653442EC27C5F0CB00EFCAE6 /* Debug */ = {
			isa = XCBuildConfiguration;
			buildSettings = {
				ALWAYS_EMBED_SWIFT_STANDARD_LIBRARIES = YES;
				BUNDLE_LOADER = "$(TEST_HOST)";
				CODE_SIGN_STYLE = Automatic;
				CURRENT_PROJECT_VERSION = 1;
				DEVELOPMENT_TEAM = QCS79BSX85;
				GENERATE_INFOPLIST_FILE = YES;
				IPHONEOS_DEPLOYMENT_TARGET = 15.2;
				MARKETING_VERSION = 1.0;
				PRODUCT_BUNDLE_IDENTIFIER = "main.cpp.CPSC-411-ProjectTests";
				PRODUCT_NAME = "$(TARGET_NAME)";
				SWIFT_EMIT_LOC_STRINGS = NO;
				SWIFT_VERSION = 5.0;
				TARGETED_DEVICE_FAMILY = "1,2";
				TEST_HOST = "$(BUILT_PRODUCTS_DIR)/CPSC-411 Project.app/CPSC-411 Project";
			};
			name = Debug;
		};
		653442ED27C5F0CB00EFCAE6 /* Release */ = {
			isa = XCBuildConfiguration;
			buildSettings = {
				ALWAYS_EMBED_SWIFT_STANDARD_LIBRARIES = YES;
				BUNDLE_LOADER = "$(TEST_HOST)";
				CODE_SIGN_STYLE = Automatic;
				CURRENT_PROJECT_VERSION = 1;
				DEVELOPMENT_TEAM = QCS79BSX85;
				GENERATE_INFOPLIST_FILE = YES;
				IPHONEOS_DEPLOYMENT_TARGET = 15.2;
				MARKETING_VERSION = 1.0;
				PRODUCT_BUNDLE_IDENTIFIER = "main.cpp.CPSC-411-ProjectTests";
				PRODUCT_NAME = "$(TARGET_NAME)";
				SWIFT_EMIT_LOC_STRINGS = NO;
				SWIFT_VERSION = 5.0;
				TARGETED_DEVICE_FAMILY = "1,2";
				TEST_HOST = "$(BUILT_PRODUCTS_DIR)/CPSC-411 Project.app/CPSC-411 Project";
			};
			name = Release;
		};
		653442EF27C5F0CB00EFCAE6 /* Debug */ = {
			isa = XCBuildConfiguration;
			buildSettings = {
				ALWAYS_EMBED_SWIFT_STANDARD_LIBRARIES = YES;
				CODE_SIGN_STYLE = Automatic;
				CURRENT_PROJECT_VERSION = 1;
				DEVELOPMENT_TEAM = QCS79BSX85;
				GENERATE_INFOPLIST_FILE = YES;
				MARKETING_VERSION = 1.0;
				PRODUCT_BUNDLE_IDENTIFIER = "main.cpp.CPSC-411-ProjectUITests";
				PRODUCT_NAME = "$(TARGET_NAME)";
				SWIFT_EMIT_LOC_STRINGS = NO;
				SWIFT_VERSION = 5.0;
				TARGETED_DEVICE_FAMILY = "1,2";
				TEST_TARGET_NAME = "CPSC-411 Project";
			};
			name = Debug;
		};
		653442F027C5F0CB00EFCAE6 /* Release */ = {
			isa = XCBuildConfiguration;
			buildSettings = {
				ALWAYS_EMBED_SWIFT_STANDARD_LIBRARIES = YES;
				CODE_SIGN_STYLE = Automatic;
				CURRENT_PROJECT_VERSION = 1;
				DEVELOPMENT_TEAM = QCS79BSX85;
				GENERATE_INFOPLIST_FILE = YES;
				MARKETING_VERSION = 1.0;
				PRODUCT_BUNDLE_IDENTIFIER = "main.cpp.CPSC-411-ProjectUITests";
				PRODUCT_NAME = "$(TARGET_NAME)";
				SWIFT_EMIT_LOC_STRINGS = NO;
				SWIFT_VERSION = 5.0;
				TARGETED_DEVICE_FAMILY = "1,2";
				TEST_TARGET_NAME = "CPSC-411 Project";
			};
			name = Release;
		};
/* End XCBuildConfiguration section */

/* Begin XCConfigurationList section */
		653442BF27C5F0C900EFCAE6 /* Build configuration list for PBXProject "CPSC-411 Project" */ = {
			isa = XCConfigurationList;
			buildConfigurations = (
				653442E627C5F0CB00EFCAE6 /* Debug */,
				653442E727C5F0CB00EFCAE6 /* Release */,
			);
			defaultConfigurationIsVisible = 0;
			defaultConfigurationName = Release;
		};
		653442E827C5F0CB00EFCAE6 /* Build configuration list for PBXNativeTarget "CPSC-411 Project" */ = {
			isa = XCConfigurationList;
			buildConfigurations = (
				653442E927C5F0CB00EFCAE6 /* Debug */,
				653442EA27C5F0CB00EFCAE6 /* Release */,
			);
			defaultConfigurationIsVisible = 0;
			defaultConfigurationName = Release;
		};
		653442EB27C5F0CB00EFCAE6 /* Build configuration list for PBXNativeTarget "CPSC-411 ProjectTests" */ = {
			isa = XCConfigurationList;
			buildConfigurations = (
				653442EC27C5F0CB00EFCAE6 /* Debug */,
				653442ED27C5F0CB00EFCAE6 /* Release */,
			);
			defaultConfigurationIsVisible = 0;
			defaultConfigurationName = Release;
		};
		653442EE27C5F0CB00EFCAE6 /* Build configuration list for PBXNativeTarget "CPSC-411 ProjectUITests" */ = {
			isa = XCConfigurationList;
			buildConfigurations = (
				653442EF27C5F0CB00EFCAE6 /* Debug */,
				653442F027C5F0CB00EFCAE6 /* Release */,
			);
			defaultConfigurationIsVisible = 0;
			defaultConfigurationName = Release;
		};
/* End XCConfigurationList section */
	};
	rootObject = 653442BC27C5F0C900EFCAE6 /* Project object */;
}
